
Microsoft Visual Studio Solution File, Format Version 12.00
# Visual Studio Version 16
VisualStudioVersion = 16.0.31624.102
MinimumVisualStudioVersion = 10.0.40219.1
Project("{159641D6-6404-4A2A-AE62-294DE0FE8301}") = "FAD", "FAD.dtproj", "{5907698F-1524-4500-ADC2-227837FBA4A0}"
EndProject
Global
	GlobalSection(SolutionConfigurationPlatforms) = preSolution
		Development|Default = Development|Default
	EndGlobalSection
	GlobalSection(ProjectConfigurationPlatforms) = postSolution
		{5907698F-1524-4500-ADC2-227837FBA4A0}.Development|Default.ActiveCfg = Development
		{5907698F-1524-4500-ADC2-227837FBA4A0}.Development|Default.Build.0 = Development
	EndGlobalSection
	GlobalSection(SolutionProperties) = preSolution
		HideSolutionNode = FALSE
	EndGlobalSection
	GlobalSection(ExtensibilityGlobals) = postSolution
		SolutionGuid = {35730CC4-C9C7-487E-9EC6-54B942488584}
	EndGlobalSection
EndGlobal
